
Microsoft Visual Studio Solution File, Format Version 12.00
# Visual Studio Version 17
VisualStudioVersion = 17.7.34024.191
MinimumVisualStudioVersion = 10.0.40219.1
Project("{FAE04EC0-301F-11D3-BF4B-00C04F79EFBC}") = "SkiService", "SkiService\SkiService.csproj", "{A5C6A209-DDC3-46F4-8352-04F323FC0A33}"
EndProject
Global
	GlobalSection(SolutionConfigurationPlatforms) = preSolution
		Debug|Any CPU = Debug|Any CPU
		Release|Any CPU = Release|Any CPU
	EndGlobalSection
	GlobalSection(ProjectConfigurationPlatforms) = postSolution
		{A5C6A209-DDC3-46F4-8352-04F323FC0A33}.Debug|Any CPU.ActiveCfg = Debug|Any CPU
		{A5C6A209-DDC3-46F4-8352-04F323FC0A33}.Debug|Any CPU.Build.0 = Debug|Any CPU
		{A5C6A209-DDC3-46F4-8352-04F323FC0A33}.Release|Any CPU.ActiveCfg = Release|Any CPU
		{A5C6A209-DDC3-46F4-8352-04F323FC0A33}.Release|Any CPU.Build.0 = Release|Any CPU
	EndGlobalSection
	GlobalSection(SolutionProperties) = preSolution
		HideSolutionNode = FALSE
	EndGlobalSection
	GlobalSection(ExtensibilityGlobals) = postSolution
		SolutionGuid = {E1611090-676B-4211-B173-B087C4DC5AF0}
	EndGlobalSection
EndGlobal
